// !$*UTF8*$!
{
	archiveVersion = 1;
	classes = {
	};
	objectVersion = 46;
	objects = {

/* Begin PBXBuildFile section */
		814F88F91BBDD25B000FE572 /* main.c in Sources */ = {isa = PBXBuildFile; fileRef = 814F88F81BBDD25B000FE572 /* main.c */; };
/* End PBXBuildFile section */

/* Begin PBXCopyFilesBuildPhase section */
		814F88F31BBDD25B000FE572 /* CopyFiles */ = {
			isa = PBXCopyFilesBuildPhase;
			buildActionMask = 2147483647;
			dstPath = /usr/share/man/man1/;
			dstSubfolderSpec = 0;
			files = (
			);
			runOnlyForDeploymentPostprocessing = 1;
		};
/* End PBXCopyFilesBuildPhase section */

/* Begin PBXFileReference section */
		814F88F51BBDD25B000FE572 /* ejemplo_SIGINT */ = {isa = PBXFileReference; explicitFileType = "compiled.mach-o.executable"; includeInIndex = 0; path = ejemplo_SIGINT; sourceTree = BUILT_PRODUCTS_DIR; };
		814F88F81BBDD25B000FE572 /* main.c */ = {isa = PBXFileReference; lastKnownFileType = sourcecode.c.c; path = main.c; sourceTree = "<group>"; };
/* End PBXFileReference section */

/* Begin PBXFrameworksBuildPhase section */
		814F88F21BBDD25B000FE572 /* Frameworks */ = {
			isa = PBXFrameworksBuildPhase;
			buildActionMask = 2147483647;
			files = (
			);
			runOnlyForDeploymentPostprocessing = 0;
		};
/* End PBXFrameworksBuildPhase section */

/* Begin PBXGroup section */
		814F88EC1BBDD25B000FE572 = {
			isa = PBXGroup;
			children = (
				814F88F71BBDD25B000FE572 /* ejemplo_SIGINT */,
				814F88F61BBDD25B000FE572 /* Products */,
			);
			sourceTree = "<group>";
		};
		814F88F61BBDD25B000FE572 /* Products */ = {
			isa = PBXGroup;
			children = (
				814F88F51BBDD25B000FE572 /* ejemplo_SIGINT */,
			);
			name = Products;
			sourceTree = "<group>";
		};
		814F88F71BBDD25B000FE572 /* ejemplo_SIGINT */ = {
			isa = PBXGroup;
			children = (
				814F88F81BBDD25B000FE572 /* main.c */,
			);
			path = ejemplo_SIGINT;
			sourceTree = "<group>";
		};
/* End PBXGroup section */

/* Begin PBXNativeTarget section */
		814F88F41BBDD25B000FE572 /* ejemplo_SIGINT */ = {
			isa = PBXNativeTarget;
			buildConfigurationList = 814F88FC1BBDD25B000FE572 /* Build configuration list for PBXNativeTarget "ejemplo_SIGINT" */;
			buildPhases = (
				814F88F11BBDD25B000FE572 /* Sources */,
				814F88F21BBDD25B000FE572 /* Frameworks */,
				814F88F31BBDD25B000FE572 /* CopyFiles */,
			);
			buildRules = (
			);
			dependencies = (
			);
			name = ejemplo_SIGINT;
			productName = ejemplo_SIGINT;
			productReference = 814F88F51BBDD25B000FE572 /* ejemplo_SIGINT */;
			productType = "com.apple.product-type.tool";
		};
/* End PBXNativeTarget section */

/* Begin PBXProject section */
		814F88ED1BBDD25B000FE572 /* Project object */ = {
			isa = PBXProject;
			attributes = {
				LastUpgradeCheck = 0700;
				ORGANIZATIONNAME = "Vicente Cubells Nonell";
				TargetAttributes = {
					814F88F41BBDD25B000FE572 = {
						CreatedOnToolsVersion = 7.0.1;
					};
				};
			};
			buildConfigurationList = 814F88F01BBDD25B000FE572 /* Build configuration list for PBXProject "ejemplo_SIGINT" */;
			compatibilityVersion = "Xcode 3.2";
			developmentRegion = English;
			hasScannedForEncodings = 0;
			knownRegions = (
				en,
			);
			mainGroup = 814F88EC1BBDD25B000FE572;
			productRefGroup = 814F88F61BBDD25B000FE572 /* Products */;
			projectDirPath = "";
			projectRoot = "";
			targets = (
				814F88F41BBDD25B000FE572 /* ejemplo_SIGINT */,
			);
		};
/* End PBXProject section */

/* Begin PBXSourcesBuildPhase section */
		814F88F11BBDD25B000FE572 /* Sources */ = {
			isa = PBXSourcesBuildPhase;
			buildActionMask = 2147483647;
			files = (
				814F88F91BBDD25B000FE572 /* main.c in Sources */,
			);
			runOnlyForDeploymentPostprocessing = 0;
		};
/* End PBXSourcesBuildPhase section */

/* Begin XCBuildConfiguration section */
		814F88FA1BBDD25B000FE572 /* Debug */ = {
			isa = XCBuildConfiguration;
			buildSettings = {
				ALWAYS_SEARCH_USER_PATHS = NO;
				CLANG_CXX_LANGUAGE_STANDARD = "gnu++0x";
				CLANG_CXX_LIBRARY = "libc++";
				CLANG_ENABLE_MODULES = YES;
				CLANG_ENABLE_OBJC_ARC = YES;
				CLANG_WARN_BOOL_CONVERSION = YES;
				CLANG_WARN_CONSTANT_CONVERSION = YES;
				CLANG_WARN_DIRECT_OBJC_ISA_USAGE = YES_ERROR;
				CLANG_WARN_EMPTY_BODY = YES;
				CLANG_WARN_ENUM_CONVERSION = YES;
				CLANG_WARN_INT_CONVERSION = YES;
				CLANG_WARN_OBJC_ROOT_CLASS = YES_ERROR;
				CLANG_WARN_UNREACHABLE_CODE = YES;
				CLANG_WARN__DUPLICATE_METHOD_MATCH = YES;
				COPY_PHASE_STRIP = NO;
				DEBUG_INFORMATION_FORMAT = dwarf;
				ENABLE_STRICT_OBJC_MSGSEND = YES;
				ENABLE_TESTABILITY = YES;
				GCC_C_LANGUAGE_STANDARD = gnu99;
				GCC_DYNAMIC_NO_PIC = NO;
				GCC_NO_COMMON_BLOCKS = YES;
				GCC_OPTIMIZATION_LEVEL = 0;
				GCC_PREPROCESSOR_DEFINITIONS = (
					"DEBUG=1",
					"$(inherited)",
				);
				GCC_WARN_64_TO_32_BIT_CONVERSION = YES;
				GCC_WARN_ABOUT_RETURN_TYPE = YES_ERROR;
				GCC_WARN_UNDECLARED_SELECTOR = YES;
				GCC_WARN_UNINITIALIZED_AUTOS = YES_AGGRESSIVE;
				GCC_WARN_UNUSED_FUNCTION = YES;
				GCC_WARN_UNUSED_VARIABLE = YES;
				MACOSX_DEPLOYMENT_TARGET = 10.11;
				MTL_ENABLE_DEBUG_INFO = YES;
				ONLY_ACTIVE_ARCH = YES;
				SDKROOT = macosx;
			};
			name = Debug;
		};
		814F88FB1BBDD25B000FE572 /* Release */ = {
			isa = XCBuildConfiguration;
			buildSettings = {
				ALWAYS_SEARCH_USER_PATHS = NO;
				CLANG_CXX_LANGUAGE_STANDARD = "gnu++0x";
				CLANG_CXX_LIBRARY = "libc++";
				CLANG_ENABLE_MODULES = YES;
				CLANG_ENABLE_OBJC_ARC = YES;
				CLANG_WARN_BOOL_CONVERSION = YES;
				CLANG_WARN_CONSTANT_CONVERSION = YES;
				CLANG_WARN_DIRECT_OBJC_ISA_USAGE = YES_ERROR;
				CLANG_WARN_EMPTY_BODY = YES;
				CLANG_WARN_ENUM_CONVERSION = YES;
				CLANG_WARN_INT_CONVERSION = YES;
				CLANG_WARN_OBJC_ROOT_CLASS = YES_ERROR;
				CLANG_WARN_UNREACHABLE_CODE = YES;
				CLANG_WARN__DUPLICATE_METHOD_MATCH = YES;
				COPY_PHASE_STRIP = NO;
				DEBUG_INFORMATION_FORMAT = "dwarf-with-dsym";
				ENABLE_NS_ASSERTIONS = NO;
				ENABLE_STRICT_OBJC_MSGSEND = YES;
				GCC_C_LANGUAGE_STANDARD = gnu99;
				GCC_NO_COMMON_BLOCKS = YES;
				GCC_WARN_64_TO_32_BIT_CONVERSION = YES;
				GCC_WARN_ABOUT_RETURN_TYPE = YES_ERROR;
				GCC_WARN_UNDECLARED_SELECTOR = YES;
				GCC_WARN_UNINITIALIZED_AUTOS = YES_AGGRESSIVE;
				GCC_WARN_UNUSED_FUNCTION = YES;
				GCC_WARN_UNUSED_VARIABLE = YES;
				MACOSX_DEPLOYMENT_TARGET = 10.11;
				MTL_ENABLE_DEBUG_INFO = NO;
				SDKROOT = macosx;
			};
			name = Release;
		};
		814F88FD1BBDD25B000FE572 /* Debug */ = {
			isa = XCBuildConfiguration;
			buildSettings = {
				PRODUCT_NAME = "$(TARGET_NAME)";
			};
			name = Debug;
		};
		814F88FE1BBDD25B000FE572 /* Release */ = {
			isa = XCBuildConfiguration;
			buildSettings = {
				PRODUCT_NAME = "$(TARGET_NAME)";
			};
			name = Release;
		};
/* End XCBuildConfiguration section */

/* Begin XCConfigurationList section */
		814F88F01BBDD25B000FE572 /* Build configuration list for PBXProject "ejemplo_SIGINT" */ = {
			isa = XCConfigurationList;
			buildConfigurations = (
				814F88FA1BBDD25B000FE572 /* Debug */,
				814F88FB1BBDD25B000FE572 /* Release */,
			);
			defaultConfigurationIsVisible = 0;
			defaultConfigurationName = Release;
		};
		814F88FC1BBDD25B000FE572 /* Build configuration list for PBXNativeTarget "ejemplo_SIGINT" */ = {
			isa = XCConfigurationList;
			buildConfigurations = (
				814F88FD1BBDD25B000FE572 /* Debug */,
				814F88FE1BBDD25B000FE572 /* Release */,
			);
			defaultConfigurationIsVisible = 0;
		};
/* End XCConfigurationList section */
	};
	rootObject = 814F88ED1BBDD25B000FE572 /* Project object */;
}
