// !$*UTF8*$!
{
	archiveVersion = 1;
	classes = {
	};
	objectVersion = 46;
	objects = {

/* Begin PBXBuildFile section */
		811B6E331BEBFE4100A86D2B /* main.c in Sources */ = {isa = PBXBuildFile; fileRef = 811B6E321BEBFE4100A86D2B /* main.c */; };
/* End PBXBuildFile section */

/* Begin PBXCopyFilesBuildPhase section */
		811B6E2D1BEBFE4100A86D2B /* CopyFiles */ = {
			isa = PBXCopyFilesBuildPhase;
			buildActionMask = 2147483647;
			dstPath = /usr/share/man/man1/;
			dstSubfolderSpec = 0;
			files = (
			);
			runOnlyForDeploymentPostprocessing = 1;
		};
/* End PBXCopyFilesBuildPhase section */

/* Begin PBXFileReference section */
		811B6E2F1BEBFE4100A86D2B /* omp_parallel */ = {isa = PBXFileReference; explicitFileType = "compiled.mach-o.executable"; includeInIndex = 0; path = omp_parallel; sourceTree = BUILT_PRODUCTS_DIR; };
		811B6E321BEBFE4100A86D2B /* main.c */ = {isa = PBXFileReference; lastKnownFileType = sourcecode.c.c; path = main.c; sourceTree = "<group>"; };
/* End PBXFileReference section */

/* Begin PBXFrameworksBuildPhase section */
		811B6E2C1BEBFE4100A86D2B /* Frameworks */ = {
			isa = PBXFrameworksBuildPhase;
			buildActionMask = 2147483647;
			files = (
			);
			runOnlyForDeploymentPostprocessing = 0;
		};
/* End PBXFrameworksBuildPhase section */

/* Begin PBXGroup section */
		811B6E261BEBFE4100A86D2B = {
			isa = PBXGroup;
			children = (
				811B6E311BEBFE4100A86D2B /* omp_parallel */,
				811B6E301BEBFE4100A86D2B /* Products */,
			);
			sourceTree = "<group>";
		};
		811B6E301BEBFE4100A86D2B /* Products */ = {
			isa = PBXGroup;
			children = (
				811B6E2F1BEBFE4100A86D2B /* omp_parallel */,
			);
			name = Products;
			sourceTree = "<group>";
		};
		811B6E311BEBFE4100A86D2B /* omp_parallel */ = {
			isa = PBXGroup;
			children = (
				811B6E321BEBFE4100A86D2B /* main.c */,
			);
			path = omp_parallel;
			sourceTree = "<group>";
		};
/* End PBXGroup section */

/* Begin PBXNativeTarget section */
		811B6E2E1BEBFE4100A86D2B /* omp_parallel */ = {
			isa = PBXNativeTarget;
			buildConfigurationList = 811B6E361BEBFE4100A86D2B /* Build configuration list for PBXNativeTarget "omp_parallel" */;
			buildPhases = (
				811B6E2B1BEBFE4100A86D2B /* Sources */,
				811B6E2C1BEBFE4100A86D2B /* Frameworks */,
				811B6E2D1BEBFE4100A86D2B /* CopyFiles */,
			);
			buildRules = (
			);
			dependencies = (
			);
			name = omp_parallel;
			productName = omp_parallel;
			productReference = 811B6E2F1BEBFE4100A86D2B /* omp_parallel */;
			productType = "com.apple.product-type.tool";
		};
/* End PBXNativeTarget section */

/* Begin PBXProject section */
		811B6E271BEBFE4100A86D2B /* Project object */ = {
			isa = PBXProject;
			attributes = {
				LastUpgradeCheck = 0710;
				ORGANIZATIONNAME = "Vicente Cubells Nonell";
				TargetAttributes = {
					811B6E2E1BEBFE4100A86D2B = {
						CreatedOnToolsVersion = 7.1;
					};
				};
			};
			buildConfigurationList = 811B6E2A1BEBFE4100A86D2B /* Build configuration list for PBXProject "omp_parallel" */;
			compatibilityVersion = "Xcode 3.2";
			developmentRegion = English;
			hasScannedForEncodings = 0;
			knownRegions = (
				en,
			);
			mainGroup = 811B6E261BEBFE4100A86D2B;
			productRefGroup = 811B6E301BEBFE4100A86D2B /* Products */;
			projectDirPath = "";
			projectRoot = "";
			targets = (
				811B6E2E1BEBFE4100A86D2B /* omp_parallel */,
			);
		};
/* End PBXProject section */

/* Begin PBXSourcesBuildPhase section */
		811B6E2B1BEBFE4100A86D2B /* Sources */ = {
			isa = PBXSourcesBuildPhase;
			buildActionMask = 2147483647;
			files = (
				811B6E331BEBFE4100A86D2B /* main.c in Sources */,
			);
			runOnlyForDeploymentPostprocessing = 0;
		};
/* End PBXSourcesBuildPhase section */

/* Begin XCBuildConfiguration section */
		811B6E341BEBFE4100A86D2B /* Debug */ = {
			isa = XCBuildConfiguration;
			buildSettings = {
				ALWAYS_SEARCH_USER_PATHS = NO;
				CLANG_CXX_LANGUAGE_STANDARD = "gnu++0x";
				CLANG_CXX_LIBRARY = "libc++";
				CLANG_ENABLE_MODULES = YES;
				CLANG_ENABLE_OBJC_ARC = YES;
				CLANG_WARN_BOOL_CONVERSION = YES;
				CLANG_WARN_CONSTANT_CONVERSION = YES;
				CLANG_WARN_DIRECT_OBJC_ISA_USAGE = YES_ERROR;
				CLANG_WARN_EMPTY_BODY = YES;
				CLANG_WARN_ENUM_CONVERSION = YES;
				CLANG_WARN_INT_CONVERSION = YES;
				CLANG_WARN_OBJC_ROOT_CLASS = YES_ERROR;
				CLANG_WARN_UNREACHABLE_CODE = YES;
				CLANG_WARN__DUPLICATE_METHOD_MATCH = YES;
				CODE_SIGN_IDENTITY = "-";
				COPY_PHASE_STRIP = NO;
				DEBUG_INFORMATION_FORMAT = dwarf;
				ENABLE_STRICT_OBJC_MSGSEND = YES;
				ENABLE_TESTABILITY = YES;
				GCC_C_LANGUAGE_STANDARD = gnu99;
				GCC_DYNAMIC_NO_PIC = NO;
				GCC_NO_COMMON_BLOCKS = YES;
				GCC_OPTIMIZATION_LEVEL = 0;
				GCC_PREPROCESSOR_DEFINITIONS = (
					"DEBUG=1",
					"$(inherited)",
				);
				GCC_WARN_64_TO_32_BIT_CONVERSION = YES;
				GCC_WARN_ABOUT_RETURN_TYPE = YES_ERROR;
				GCC_WARN_UNDECLARED_SELECTOR = YES;
				GCC_WARN_UNINITIALIZED_AUTOS = YES_AGGRESSIVE;
				GCC_WARN_UNUSED_FUNCTION = YES;
				GCC_WARN_UNUSED_VARIABLE = YES;
				MACOSX_DEPLOYMENT_TARGET = 10.11;
				MTL_ENABLE_DEBUG_INFO = YES;
				ONLY_ACTIVE_ARCH = YES;
				SDKROOT = macosx;
			};
			name = Debug;
		};
		811B6E351BEBFE4100A86D2B /* Release */ = {
			isa = XCBuildConfiguration;
			buildSettings = {
				ALWAYS_SEARCH_USER_PATHS = NO;
				CLANG_CXX_LANGUAGE_STANDARD = "gnu++0x";
				CLANG_CXX_LIBRARY = "libc++";
				CLANG_ENABLE_MODULES = YES;
				CLANG_ENABLE_OBJC_ARC = YES;
				CLANG_WARN_BOOL_CONVERSION = YES;
				CLANG_WARN_CONSTANT_CONVERSION = YES;
				CLANG_WARN_DIRECT_OBJC_ISA_USAGE = YES_ERROR;
				CLANG_WARN_EMPTY_BODY = YES;
				CLANG_WARN_ENUM_CONVERSION = YES;
				CLANG_WARN_INT_CONVERSION = YES;
				CLANG_WARN_OBJC_ROOT_CLASS = YES_ERROR;
				CLANG_WARN_UNREACHABLE_CODE = YES;
				CLANG_WARN__DUPLICATE_METHOD_MATCH = YES;
				CODE_SIGN_IDENTITY = "-";
				COPY_PHASE_STRIP = NO;
				DEBUG_INFORMATION_FORMAT = "dwarf-with-dsym";
				ENABLE_NS_ASSERTIONS = NO;
				ENABLE_STRICT_OBJC_MSGSEND = YES;
				GCC_C_LANGUAGE_STANDARD = gnu99;
				GCC_NO_COMMON_BLOCKS = YES;
				GCC_WARN_64_TO_32_BIT_CONVERSION = YES;
				GCC_WARN_ABOUT_RETURN_TYPE = YES_ERROR;
				GCC_WARN_UNDECLARED_SELECTOR = YES;
				GCC_WARN_UNINITIALIZED_AUTOS = YES_AGGRESSIVE;
				GCC_WARN_UNUSED_FUNCTION = YES;
				GCC_WARN_UNUSED_VARIABLE = YES;
				MACOSX_DEPLOYMENT_TARGET = 10.11;
				MTL_ENABLE_DEBUG_INFO = NO;
				SDKROOT = macosx;
			};
			name = Release;
		};
		811B6E371BEBFE4100A86D2B /* Debug */ = {
			isa = XCBuildConfiguration;
			buildSettings = {
				PRODUCT_NAME = "$(TARGET_NAME)";
			};
			name = Debug;
		};
		811B6E381BEBFE4100A86D2B /* Release */ = {
			isa = XCBuildConfiguration;
			buildSettings = {
				PRODUCT_NAME = "$(TARGET_NAME)";
			};
			name = Release;
		};
/* End XCBuildConfiguration section */

/* Begin XCConfigurationList section */
		811B6E2A1BEBFE4100A86D2B /* Build configuration list for PBXProject "omp_parallel" */ = {
			isa = XCConfigurationList;
			buildConfigurations = (
				811B6E341BEBFE4100A86D2B /* Debug */,
				811B6E351BEBFE4100A86D2B /* Release */,
			);
			defaultConfigurationIsVisible = 0;
			defaultConfigurationName = Release;
		};
		811B6E361BEBFE4100A86D2B /* Build configuration list for PBXNativeTarget "omp_parallel" */ = {
			isa = XCConfigurationList;
			buildConfigurations = (
				811B6E371BEBFE4100A86D2B /* Debug */,
				811B6E381BEBFE4100A86D2B /* Release */,
			);
			defaultConfigurationIsVisible = 0;
		};
/* End XCConfigurationList section */
	};
	rootObject = 811B6E271BEBFE4100A86D2B /* Project object */;
}
