// !$*UTF8*$!
{
	archiveVersion = 1;
	classes = {
	};
	objectVersion = 46;
	objects = {

/* Begin PBXBuildFile section */
		81F3A3751BD5893B00D7BE13 /* main.c in Sources */ = {isa = PBXBuildFile; fileRef = 81F3A3741BD5893B00D7BE13 /* main.c */; };
/* End PBXBuildFile section */

/* Begin PBXCopyFilesBuildPhase section */
		81F3A36F1BD5893B00D7BE13 /* CopyFiles */ = {
			isa = PBXCopyFilesBuildPhase;
			buildActionMask = 2147483647;
			dstPath = /usr/share/man/man1/;
			dstSubfolderSpec = 0;
			files = (
			);
			runOnlyForDeploymentPostprocessing = 1;
		};
/* End PBXCopyFilesBuildPhase section */

/* Begin PBXFileReference section */
		81F3A3711BD5893B00D7BE13 /* problema_inversion_mutexes */ = {isa = PBXFileReference; explicitFileType = "compiled.mach-o.executable"; includeInIndex = 0; path = problema_inversion_mutexes; sourceTree = BUILT_PRODUCTS_DIR; };
		81F3A3741BD5893B00D7BE13 /* main.c */ = {isa = PBXFileReference; lastKnownFileType = sourcecode.c.c; path = main.c; sourceTree = "<group>"; };
/* End PBXFileReference section */

/* Begin PBXFrameworksBuildPhase section */
		81F3A36E1BD5893B00D7BE13 /* Frameworks */ = {
			isa = PBXFrameworksBuildPhase;
			buildActionMask = 2147483647;
			files = (
			);
			runOnlyForDeploymentPostprocessing = 0;
		};
/* End PBXFrameworksBuildPhase section */

/* Begin PBXGroup section */
		81F3A3681BD5893B00D7BE13 = {
			isa = PBXGroup;
			children = (
				81F3A3731BD5893B00D7BE13 /* problema_inversion_mutexes */,
				81F3A3721BD5893B00D7BE13 /* Products */,
			);
			sourceTree = "<group>";
		};
		81F3A3721BD5893B00D7BE13 /* Products */ = {
			isa = PBXGroup;
			children = (
				81F3A3711BD5893B00D7BE13 /* problema_inversion_mutexes */,
			);
			name = Products;
			sourceTree = "<group>";
		};
		81F3A3731BD5893B00D7BE13 /* problema_inversion_mutexes */ = {
			isa = PBXGroup;
			children = (
				81F3A3741BD5893B00D7BE13 /* main.c */,
			);
			path = problema_inversion_mutexes;
			sourceTree = "<group>";
		};
/* End PBXGroup section */

/* Begin PBXNativeTarget section */
		81F3A3701BD5893B00D7BE13 /* problema_inversion_mutexes */ = {
			isa = PBXNativeTarget;
			buildConfigurationList = 81F3A3781BD5893B00D7BE13 /* Build configuration list for PBXNativeTarget "problema_inversion_mutexes" */;
			buildPhases = (
				81F3A36D1BD5893B00D7BE13 /* Sources */,
				81F3A36E1BD5893B00D7BE13 /* Frameworks */,
				81F3A36F1BD5893B00D7BE13 /* CopyFiles */,
			);
			buildRules = (
			);
			dependencies = (
			);
			name = problema_inversion_mutexes;
			productName = problema_inversion_mutexes;
			productReference = 81F3A3711BD5893B00D7BE13 /* problema_inversion_mutexes */;
			productType = "com.apple.product-type.tool";
		};
/* End PBXNativeTarget section */

/* Begin PBXProject section */
		81F3A3691BD5893B00D7BE13 /* Project object */ = {
			isa = PBXProject;
			attributes = {
				LastUpgradeCheck = 0700;
				ORGANIZATIONNAME = "Vicente Cubells Nonell";
				TargetAttributes = {
					81F3A3701BD5893B00D7BE13 = {
						CreatedOnToolsVersion = 7.0.1;
					};
				};
			};
			buildConfigurationList = 81F3A36C1BD5893B00D7BE13 /* Build configuration list for PBXProject "problema_inversion_mutexes" */;
			compatibilityVersion = "Xcode 3.2";
			developmentRegion = English;
			hasScannedForEncodings = 0;
			knownRegions = (
				en,
			);
			mainGroup = 81F3A3681BD5893B00D7BE13;
			productRefGroup = 81F3A3721BD5893B00D7BE13 /* Products */;
			projectDirPath = "";
			projectRoot = "";
			targets = (
				81F3A3701BD5893B00D7BE13 /* problema_inversion_mutexes */,
			);
		};
/* End PBXProject section */

/* Begin PBXSourcesBuildPhase section */
		81F3A36D1BD5893B00D7BE13 /* Sources */ = {
			isa = PBXSourcesBuildPhase;
			buildActionMask = 2147483647;
			files = (
				81F3A3751BD5893B00D7BE13 /* main.c in Sources */,
			);
			runOnlyForDeploymentPostprocessing = 0;
		};
/* End PBXSourcesBuildPhase section */

/* Begin XCBuildConfiguration section */
		81F3A3761BD5893B00D7BE13 /* Debug */ = {
			isa = XCBuildConfiguration;
			buildSettings = {
				ALWAYS_SEARCH_USER_PATHS = NO;
				CLANG_CXX_LANGUAGE_STANDARD = "gnu++0x";
				CLANG_CXX_LIBRARY = "libc++";
				CLANG_ENABLE_MODULES = YES;
				CLANG_ENABLE_OBJC_ARC = YES;
				CLANG_WARN_BOOL_CONVERSION = YES;
				CLANG_WARN_CONSTANT_CONVERSION = YES;
				CLANG_WARN_DIRECT_OBJC_ISA_USAGE = YES_ERROR;
				CLANG_WARN_EMPTY_BODY = YES;
				CLANG_WARN_ENUM_CONVERSION = YES;
				CLANG_WARN_INT_CONVERSION = YES;
				CLANG_WARN_OBJC_ROOT_CLASS = YES_ERROR;
				CLANG_WARN_UNREACHABLE_CODE = YES;
				CLANG_WARN__DUPLICATE_METHOD_MATCH = YES;
				COPY_PHASE_STRIP = NO;
				DEBUG_INFORMATION_FORMAT = dwarf;
				ENABLE_STRICT_OBJC_MSGSEND = YES;
				ENABLE_TESTABILITY = YES;
				GCC_C_LANGUAGE_STANDARD = gnu99;
				GCC_DYNAMIC_NO_PIC = NO;
				GCC_NO_COMMON_BLOCKS = YES;
				GCC_OPTIMIZATION_LEVEL = 0;
				GCC_PREPROCESSOR_DEFINITIONS = (
					"DEBUG=1",
					"$(inherited)",
				);
				GCC_WARN_64_TO_32_BIT_CONVERSION = YES;
				GCC_WARN_ABOUT_RETURN_TYPE = YES_ERROR;
				GCC_WARN_UNDECLARED_SELECTOR = YES;
				GCC_WARN_UNINITIALIZED_AUTOS = YES_AGGRESSIVE;
				GCC_WARN_UNUSED_FUNCTION = YES;
				GCC_WARN_UNUSED_VARIABLE = YES;
				MACOSX_DEPLOYMENT_TARGET = 10.11;
				MTL_ENABLE_DEBUG_INFO = YES;
				ONLY_ACTIVE_ARCH = YES;
				SDKROOT = macosx;
			};
			name = Debug;
		};
		81F3A3771BD5893B00D7BE13 /* Release */ = {
			isa = XCBuildConfiguration;
			buildSettings = {
				ALWAYS_SEARCH_USER_PATHS = NO;
				CLANG_CXX_LANGUAGE_STANDARD = "gnu++0x";
				CLANG_CXX_LIBRARY = "libc++";
				CLANG_ENABLE_MODULES = YES;
				CLANG_ENABLE_OBJC_ARC = YES;
				CLANG_WARN_BOOL_CONVERSION = YES;
				CLANG_WARN_CONSTANT_CONVERSION = YES;
				CLANG_WARN_DIRECT_OBJC_ISA_USAGE = YES_ERROR;
				CLANG_WARN_EMPTY_BODY = YES;
				CLANG_WARN_ENUM_CONVERSION = YES;
				CLANG_WARN_INT_CONVERSION = YES;
				CLANG_WARN_OBJC_ROOT_CLASS = YES_ERROR;
				CLANG_WARN_UNREACHABLE_CODE = YES;
				CLANG_WARN__DUPLICATE_METHOD_MATCH = YES;
				COPY_PHASE_STRIP = NO;
				DEBUG_INFORMATION_FORMAT = "dwarf-with-dsym";
				ENABLE_NS_ASSERTIONS = NO;
				ENABLE_STRICT_OBJC_MSGSEND = YES;
				GCC_C_LANGUAGE_STANDARD = gnu99;
				GCC_NO_COMMON_BLOCKS = YES;
				GCC_WARN_64_TO_32_BIT_CONVERSION = YES;
				GCC_WARN_ABOUT_RETURN_TYPE = YES_ERROR;
				GCC_WARN_UNDECLARED_SELECTOR = YES;
				GCC_WARN_UNINITIALIZED_AUTOS = YES_AGGRESSIVE;
				GCC_WARN_UNUSED_FUNCTION = YES;
				GCC_WARN_UNUSED_VARIABLE = YES;
				MACOSX_DEPLOYMENT_TARGET = 10.11;
				MTL_ENABLE_DEBUG_INFO = NO;
				SDKROOT = macosx;
			};
			name = Release;
		};
		81F3A3791BD5893B00D7BE13 /* Debug */ = {
			isa = XCBuildConfiguration;
			buildSettings = {
				PRODUCT_NAME = "$(TARGET_NAME)";
			};
			name = Debug;
		};
		81F3A37A1BD5893B00D7BE13 /* Release */ = {
			isa = XCBuildConfiguration;
			buildSettings = {
				PRODUCT_NAME = "$(TARGET_NAME)";
			};
			name = Release;
		};
/* End XCBuildConfiguration section */

/* Begin XCConfigurationList section */
		81F3A36C1BD5893B00D7BE13 /* Build configuration list for PBXProject "problema_inversion_mutexes" */ = {
			isa = XCConfigurationList;
			buildConfigurations = (
				81F3A3761BD5893B00D7BE13 /* Debug */,
				81F3A3771BD5893B00D7BE13 /* Release */,
			);
			defaultConfigurationIsVisible = 0;
			defaultConfigurationName = Release;
		};
		81F3A3781BD5893B00D7BE13 /* Build configuration list for PBXNativeTarget "problema_inversion_mutexes" */ = {
			isa = XCConfigurationList;
			buildConfigurations = (
				81F3A3791BD5893B00D7BE13 /* Debug */,
				81F3A37A1BD5893B00D7BE13 /* Release */,
			);
			defaultConfigurationIsVisible = 0;
		};
/* End XCConfigurationList section */
	};
	rootObject = 81F3A3691BD5893B00D7BE13 /* Project object */;
}
