// !$*UTF8*$!
{
	archiveVersion = 1;
	classes = {
	};
	objectVersion = 46;
	objects = {

/* Begin PBXBuildFile section */
		811E21D41BD9847900F8F3BE /* main.c in Sources */ = {isa = PBXBuildFile; fileRef = 811E21D31BD9847900F8F3BE /* main.c */; };
/* End PBXBuildFile section */

/* Begin PBXCopyFilesBuildPhase section */
		811E21CE1BD9847900F8F3BE /* CopyFiles */ = {
			isa = PBXCopyFilesBuildPhase;
			buildActionMask = 2147483647;
			dstPath = /usr/share/man/man1/;
			dstSubfolderSpec = 0;
			files = (
			);
			runOnlyForDeploymentPostprocessing = 1;
		};
/* End PBXCopyFilesBuildPhase section */

/* Begin PBXFileReference section */
		811E21D01BD9847900F8F3BE /* multiples_productores_consumidores */ = {isa = PBXFileReference; explicitFileType = "compiled.mach-o.executable"; includeInIndex = 0; path = multiples_productores_consumidores; sourceTree = BUILT_PRODUCTS_DIR; };
		811E21D31BD9847900F8F3BE /* main.c */ = {isa = PBXFileReference; lastKnownFileType = sourcecode.c.c; path = main.c; sourceTree = "<group>"; };
/* End PBXFileReference section */

/* Begin PBXFrameworksBuildPhase section */
		811E21CD1BD9847900F8F3BE /* Frameworks */ = {
			isa = PBXFrameworksBuildPhase;
			buildActionMask = 2147483647;
			files = (
			);
			runOnlyForDeploymentPostprocessing = 0;
		};
/* End PBXFrameworksBuildPhase section */

/* Begin PBXGroup section */
		811E21C71BD9847900F8F3BE = {
			isa = PBXGroup;
			children = (
				811E21D21BD9847900F8F3BE /* multiples_productores_consumidores */,
				811E21D11BD9847900F8F3BE /* Products */,
			);
			sourceTree = "<group>";
		};
		811E21D11BD9847900F8F3BE /* Products */ = {
			isa = PBXGroup;
			children = (
				811E21D01BD9847900F8F3BE /* multiples_productores_consumidores */,
			);
			name = Products;
			sourceTree = "<group>";
		};
		811E21D21BD9847900F8F3BE /* multiples_productores_consumidores */ = {
			isa = PBXGroup;
			children = (
				811E21D31BD9847900F8F3BE /* main.c */,
			);
			path = multiples_productores_consumidores;
			sourceTree = "<group>";
		};
/* End PBXGroup section */

/* Begin PBXNativeTarget section */
		811E21CF1BD9847900F8F3BE /* multiples_productores_consumidores */ = {
			isa = PBXNativeTarget;
			buildConfigurationList = 811E21D71BD9847900F8F3BE /* Build configuration list for PBXNativeTarget "multiples_productores_consumidores" */;
			buildPhases = (
				811E21CC1BD9847900F8F3BE /* Sources */,
				811E21CD1BD9847900F8F3BE /* Frameworks */,
				811E21CE1BD9847900F8F3BE /* CopyFiles */,
			);
			buildRules = (
			);
			dependencies = (
			);
			name = multiples_productores_consumidores;
			productName = multiples_productores_consumidores;
			productReference = 811E21D01BD9847900F8F3BE /* multiples_productores_consumidores */;
			productType = "com.apple.product-type.tool";
		};
/* End PBXNativeTarget section */

/* Begin PBXProject section */
		811E21C81BD9847900F8F3BE /* Project object */ = {
			isa = PBXProject;
			attributes = {
				LastUpgradeCheck = 0700;
				ORGANIZATIONNAME = "Vicente Cubells Nonell";
				TargetAttributes = {
					811E21CF1BD9847900F8F3BE = {
						CreatedOnToolsVersion = 7.0.1;
					};
				};
			};
			buildConfigurationList = 811E21CB1BD9847900F8F3BE /* Build configuration list for PBXProject "multiples_productores_consumidores" */;
			compatibilityVersion = "Xcode 3.2";
			developmentRegion = English;
			hasScannedForEncodings = 0;
			knownRegions = (
				en,
			);
			mainGroup = 811E21C71BD9847900F8F3BE;
			productRefGroup = 811E21D11BD9847900F8F3BE /* Products */;
			projectDirPath = "";
			projectRoot = "";
			targets = (
				811E21CF1BD9847900F8F3BE /* multiples_productores_consumidores */,
			);
		};
/* End PBXProject section */

/* Begin PBXSourcesBuildPhase section */
		811E21CC1BD9847900F8F3BE /* Sources */ = {
			isa = PBXSourcesBuildPhase;
			buildActionMask = 2147483647;
			files = (
				811E21D41BD9847900F8F3BE /* main.c in Sources */,
			);
			runOnlyForDeploymentPostprocessing = 0;
		};
/* End PBXSourcesBuildPhase section */

/* Begin XCBuildConfiguration section */
		811E21D51BD9847900F8F3BE /* Debug */ = {
			isa = XCBuildConfiguration;
			buildSettings = {
				ALWAYS_SEARCH_USER_PATHS = NO;
				CLANG_CXX_LANGUAGE_STANDARD = "gnu++0x";
				CLANG_CXX_LIBRARY = "libc++";
				CLANG_ENABLE_MODULES = YES;
				CLANG_ENABLE_OBJC_ARC = YES;
				CLANG_WARN_BOOL_CONVERSION = YES;
				CLANG_WARN_CONSTANT_CONVERSION = YES;
				CLANG_WARN_DIRECT_OBJC_ISA_USAGE = YES_ERROR;
				CLANG_WARN_EMPTY_BODY = YES;
				CLANG_WARN_ENUM_CONVERSION = YES;
				CLANG_WARN_INT_CONVERSION = YES;
				CLANG_WARN_OBJC_ROOT_CLASS = YES_ERROR;
				CLANG_WARN_UNREACHABLE_CODE = YES;
				CLANG_WARN__DUPLICATE_METHOD_MATCH = YES;
				COPY_PHASE_STRIP = NO;
				DEBUG_INFORMATION_FORMAT = dwarf;
				ENABLE_STRICT_OBJC_MSGSEND = YES;
				ENABLE_TESTABILITY = YES;
				GCC_C_LANGUAGE_STANDARD = gnu99;
				GCC_DYNAMIC_NO_PIC = NO;
				GCC_NO_COMMON_BLOCKS = YES;
				GCC_OPTIMIZATION_LEVEL = 0;
				GCC_PREPROCESSOR_DEFINITIONS = (
					"DEBUG=1",
					"$(inherited)",
				);
				GCC_WARN_64_TO_32_BIT_CONVERSION = YES;
				GCC_WARN_ABOUT_RETURN_TYPE = YES_ERROR;
				GCC_WARN_UNDECLARED_SELECTOR = YES;
				GCC_WARN_UNINITIALIZED_AUTOS = YES_AGGRESSIVE;
				GCC_WARN_UNUSED_FUNCTION = YES;
				GCC_WARN_UNUSED_VARIABLE = YES;
				MACOSX_DEPLOYMENT_TARGET = 10.11;
				MTL_ENABLE_DEBUG_INFO = YES;
				ONLY_ACTIVE_ARCH = YES;
				SDKROOT = macosx;
			};
			name = Debug;
		};
		811E21D61BD9847900F8F3BE /* Release */ = {
			isa = XCBuildConfiguration;
			buildSettings = {
				ALWAYS_SEARCH_USER_PATHS = NO;
				CLANG_CXX_LANGUAGE_STANDARD = "gnu++0x";
				CLANG_CXX_LIBRARY = "libc++";
				CLANG_ENABLE_MODULES = YES;
				CLANG_ENABLE_OBJC_ARC = YES;
				CLANG_WARN_BOOL_CONVERSION = YES;
				CLANG_WARN_CONSTANT_CONVERSION = YES;
				CLANG_WARN_DIRECT_OBJC_ISA_USAGE = YES_ERROR;
				CLANG_WARN_EMPTY_BODY = YES;
				CLANG_WARN_ENUM_CONVERSION = YES;
				CLANG_WARN_INT_CONVERSION = YES;
				CLANG_WARN_OBJC_ROOT_CLASS = YES_ERROR;
				CLANG_WARN_UNREACHABLE_CODE = YES;
				CLANG_WARN__DUPLICATE_METHOD_MATCH = YES;
				COPY_PHASE_STRIP = NO;
				DEBUG_INFORMATION_FORMAT = "dwarf-with-dsym";
				ENABLE_NS_ASSERTIONS = NO;
				ENABLE_STRICT_OBJC_MSGSEND = YES;
				GCC_C_LANGUAGE_STANDARD = gnu99;
				GCC_NO_COMMON_BLOCKS = YES;
				GCC_WARN_64_TO_32_BIT_CONVERSION = YES;
				GCC_WARN_ABOUT_RETURN_TYPE = YES_ERROR;
				GCC_WARN_UNDECLARED_SELECTOR = YES;
				GCC_WARN_UNINITIALIZED_AUTOS = YES_AGGRESSIVE;
				GCC_WARN_UNUSED_FUNCTION = YES;
				GCC_WARN_UNUSED_VARIABLE = YES;
				MACOSX_DEPLOYMENT_TARGET = 10.11;
				MTL_ENABLE_DEBUG_INFO = NO;
				SDKROOT = macosx;
			};
			name = Release;
		};
		811E21D81BD9847900F8F3BE /* Debug */ = {
			isa = XCBuildConfiguration;
			buildSettings = {
				PRODUCT_NAME = "$(TARGET_NAME)";
			};
			name = Debug;
		};
		811E21D91BD9847900F8F3BE /* Release */ = {
			isa = XCBuildConfiguration;
			buildSettings = {
				PRODUCT_NAME = "$(TARGET_NAME)";
			};
			name = Release;
		};
/* End XCBuildConfiguration section */

/* Begin XCConfigurationList section */
		811E21CB1BD9847900F8F3BE /* Build configuration list for PBXProject "multiples_productores_consumidores" */ = {
			isa = XCConfigurationList;
			buildConfigurations = (
				811E21D51BD9847900F8F3BE /* Debug */,
				811E21D61BD9847900F8F3BE /* Release */,
			);
			defaultConfigurationIsVisible = 0;
			defaultConfigurationName = Release;
		};
		811E21D71BD9847900F8F3BE /* Build configuration list for PBXNativeTarget "multiples_productores_consumidores" */ = {
			isa = XCConfigurationList;
			buildConfigurations = (
				811E21D81BD9847900F8F3BE /* Debug */,
				811E21D91BD9847900F8F3BE /* Release */,
			);
			defaultConfigurationIsVisible = 0;
		};
/* End XCConfigurationList section */
	};
	rootObject = 811E21C81BD9847900F8F3BE /* Project object */;
}
